
Microsoft Visual Studio Solution File, Format Version 12.00
# Visual Studio Version 16
VisualStudioVersion = 16.0.29025.244
MinimumVisualStudioVersion = 10.0.40219.1
Project("{FAE04EC0-301F-11D3-BF4B-00C04F79EFBC}") = "Spock_BSDemo", "Spock_BSDemo\Spock_BSDemo.csproj", "{DAF49B6F-1092-4D48-B359-AEAB2B48CB38}"
EndProject
Global
	GlobalSection(SolutionConfigurationPlatforms) = preSolution
		Debug|Any CPU = Debug|Any CPU
		Release|Any CPU = Release|Any CPU
	EndGlobalSection
	GlobalSection(ProjectConfigurationPlatforms) = postSolution
		{DAF49B6F-1092-4D48-B359-AEAB2B48CB38}.Debug|Any CPU.ActiveCfg = Debug|Any CPU
		{DAF49B6F-1092-4D48-B359-AEAB2B48CB38}.Debug|Any CPU.Build.0 = Debug|Any CPU
		{DAF49B6F-1092-4D48-B359-AEAB2B48CB38}.Release|Any CPU.ActiveCfg = Release|Any CPU
		{DAF49B6F-1092-4D48-B359-AEAB2B48CB38}.Release|Any CPU.Build.0 = Release|Any CPU
	EndGlobalSection
	GlobalSection(SolutionProperties) = preSolution
		HideSolutionNode = FALSE
	EndGlobalSection
	GlobalSection(ExtensibilityGlobals) = postSolution
		SolutionGuid = {1950ECA5-B137-49C2-AD4B-C1FD8C3B0531}
	EndGlobalSection
EndGlobal
